
Microsoft Visual Studio Solution File, Format Version 12.00
# Visual Studio Version 17
VisualStudioVersion = 17.2.32630.192
MinimumVisualStudioVersion = 10.0.40219.1
Project("{FAE04EC0-301F-11D3-BF4B-00C04F79EFBC}") = "UWallet", "UWallet\UWallet.csproj", "{37C814A9-BDF9-4C1D-89FF-BABD4F8248FA}"
EndProject
Global
	GlobalSection(SolutionConfigurationPlatforms) = preSolution
		Debug|Any CPU = Debug|Any CPU
		Release|Any CPU = Release|Any CPU
	EndGlobalSection
	GlobalSection(ProjectConfigurationPlatforms) = postSolution
		{37C814A9-BDF9-4C1D-89FF-BABD4F8248FA}.Debug|Any CPU.ActiveCfg = Debug|Any CPU
		{37C814A9-BDF9-4C1D-89FF-BABD4F8248FA}.Debug|Any CPU.Build.0 = Debug|Any CPU
		{37C814A9-BDF9-4C1D-89FF-BABD4F8248FA}.Release|Any CPU.ActiveCfg = Release|Any CPU
		{37C814A9-BDF9-4C1D-89FF-BABD4F8248FA}.Release|Any CPU.Build.0 = Release|Any CPU
	EndGlobalSection
	GlobalSection(SolutionProperties) = preSolution
		HideSolutionNode = FALSE
	EndGlobalSection
	GlobalSection(ExtensibilityGlobals) = postSolution
		SolutionGuid = {0CD6A180-7DA1-414B-AB79-8BB7BE46BC89}
	EndGlobalSection
EndGlobal
